// !$*UTF8*$!
{
	archiveVersion = 1;
	classes = {
	};
	objectVersion = 42;
	objects = {

/* Begin PBXBuildFile section */
		E7115D29112734F2009A3BAE /* ICommentTalker.cpp in Sources */ = {isa = PBXBuildFile; fileRef = E7115D27112734F2009A3BAE /* ICommentTalker.cpp */; };
		E7115D2A112734F2009A3BAE /* ICommentTalker.h in Headers */ = {isa = PBXBuildFile; fileRef = E7115D28112734F2009A3BAE /* ICommentTalker.h */; };
		E7587F38117AE44600E6B167 /* Foundation.framework in Frameworks */ = {isa = PBXBuildFile; fileRef = E7587F37117AE44600E6B167 /* Foundation.framework */; };
		E7587F3C117AE50E00E6B167 /* callvoiceunder.m in Sources */ = {isa = PBXBuildFile; fileRef = E7587F3B117AE50E00E6B167 /* callvoiceunder.m */; };
		E7587F3F117AE8C000E6B167 /* callVoiceUnder.h in Headers */ = {isa = PBXBuildFile; fileRef = E7587F3E117AE8C000E6B167 /* callVoiceUnder.h */; };
/* End PBXBuildFile section */

/* Begin PBXFileReference section */
		E7115D2211273495009A3BAE /* libxpcom_commenttalker-mac.dylib */ = {isa = PBXFileReference; explicitFileType = "compiled.mach-o.dylib"; includeInIndex = 0; path = "libxpcom_commenttalker-mac.dylib"; sourceTree = BUILT_PRODUCTS_DIR; };
		E7115D27112734F2009A3BAE /* ICommentTalker.cpp */ = {isa = PBXFileReference; fileEncoding = 4; lastKnownFileType = sourcecode.cpp.cpp; path = ICommentTalker.cpp; sourceTree = "<group>"; };
		E7115D28112734F2009A3BAE /* ICommentTalker.h */ = {isa = PBXFileReference; fileEncoding = 4; lastKnownFileType = sourcecode.c.h; path = ICommentTalker.h; sourceTree = "<group>"; };
		E7587F37117AE44600E6B167 /* Foundation.framework */ = {isa = PBXFileReference; lastKnownFileType = wrapper.framework; name = Foundation.framework; path = System/Library/Frameworks/Foundation.framework; sourceTree = SDKROOT; };
		E7587F3B117AE50E00E6B167 /* callvoiceunder.m */ = {isa = PBXFileReference; fileEncoding = 4; lastKnownFileType = sourcecode.c.objc; path = callvoiceunder.m; sourceTree = "<group>"; };
		E7587F3E117AE8C000E6B167 /* callVoiceUnder.h */ = {isa = PBXFileReference; fileEncoding = 4; lastKnownFileType = sourcecode.c.h; path = callVoiceUnder.h; sourceTree = "<group>"; };
/* End PBXFileReference section */

/* Begin PBXFrameworksBuildPhase section */
		E7115D2011273495009A3BAE /* Frameworks */ = {
			isa = PBXFrameworksBuildPhase;
			buildActionMask = 2147483647;
			files = (
				E7587F38117AE44600E6B167 /* Foundation.framework in Frameworks */,
			);
			runOnlyForDeploymentPostprocessing = 0;
		};
/* End PBXFrameworksBuildPhase section */

/* Begin PBXGroup section */
		E7115D1111273454009A3BAE = {
			isa = PBXGroup;
			children = (
				E7115D27112734F2009A3BAE /* ICommentTalker.cpp */,
				E7115D28112734F2009A3BAE /* ICommentTalker.h */,
				E7115D2311273495009A3BAE /* Products */,
				E7587F37117AE44600E6B167 /* Foundation.framework */,
				E7587F3B117AE50E00E6B167 /* callvoiceunder.m */,
				E7587F3E117AE8C000E6B167 /* callVoiceUnder.h */,
			);
			sourceTree = "<group>";
		};
		E7115D2311273495009A3BAE /* Products */ = {
			isa = PBXGroup;
			children = (
				E7115D2211273495009A3BAE /* libxpcom_commenttalker-mac.dylib */,
			);
			name = Products;
			sourceTree = "<group>";
		};
/* End PBXGroup section */

/* Begin PBXHeadersBuildPhase section */
		E7115D1E11273495009A3BAE /* Headers */ = {
			isa = PBXHeadersBuildPhase;
			buildActionMask = 2147483647;
			files = (
				E7115D2A112734F2009A3BAE /* ICommentTalker.h in Headers */,
				E7587F3F117AE8C000E6B167 /* callVoiceUnder.h in Headers */,
			);
			runOnlyForDeploymentPostprocessing = 0;
		};
/* End PBXHeadersBuildPhase section */

/* Begin PBXNativeTarget section */
		E7115D2111273495009A3BAE /* xpcom_commenttalker-mac */ = {
			isa = PBXNativeTarget;
			buildConfigurationList = E7115D2611273496009A3BAE /* Build configuration list for PBXNativeTarget "xpcom_commenttalker-mac" */;
			buildPhases = (
				E7115D1E11273495009A3BAE /* Headers */,
				E7115D1F11273495009A3BAE /* Sources */,
				E7115D2011273495009A3BAE /* Frameworks */,
			);
			buildRules = (
			);
			dependencies = (
			);
			name = "xpcom_commenttalker-mac";
			productName = "xpcom_commenttalker-mac";
			productReference = E7115D2211273495009A3BAE /* libxpcom_commenttalker-mac.dylib */;
			productType = "com.apple.product-type.library.dynamic";
		};
/* End PBXNativeTarget section */

/* Begin PBXProject section */
		E7115D1311273454009A3BAE /* Project object */ = {
			isa = PBXProject;
			buildConfigurationList = E7115D1611273454009A3BAE /* Build configuration list for PBXProject "xpcom_commenttalker-mac" */;
			compatibilityVersion = "Xcode 2.4";
			hasScannedForEncodings = 0;
			mainGroup = E7115D1111273454009A3BAE;
			productRefGroup = E7115D2311273495009A3BAE /* Products */;
			projectDirPath = "";
			projectRoot = "";
			targets = (
				E7115D2111273495009A3BAE /* xpcom_commenttalker-mac */,
			);
		};
/* End PBXProject section */

/* Begin PBXSourcesBuildPhase section */
		E7115D1F11273495009A3BAE /* Sources */ = {
			isa = PBXSourcesBuildPhase;
			buildActionMask = 2147483647;
			files = (
				E7115D29112734F2009A3BAE /* ICommentTalker.cpp in Sources */,
				E7587F3C117AE50E00E6B167 /* callvoiceunder.m in Sources */,
			);
			runOnlyForDeploymentPostprocessing = 0;
		};
/* End PBXSourcesBuildPhase section */

/* Begin XCBuildConfiguration section */
		E7115D1411273454009A3BAE /* Debug */ = {
			isa = XCBuildConfiguration;
			buildSettings = {
				ARCHS = "$(ARCHS_STANDARD_32_64_BIT_PRE_XCODE_3_1)";
				ARCHS_STANDARD_32_64_BIT_PRE_XCODE_3_1 = "x86_64 i386 ppc";
				COPY_PHASE_STRIP = NO;
				HEADER_SEARCH_PATHS = (
					"$(HEADER_SEARCH_PATHS_QUOTED_FOR_PROJECT_1)",
					"$(HEADER_SEARCH_PATHS_QUOTED_FOR_PROJECT_2)",
				);
				HEADER_SEARCH_PATHS_QUOTED_FOR_PROJECT_1 = "\"$(SRCROOT)/../xulrunner-sdk/sdk/include\"";
				HEADER_SEARCH_PATHS_QUOTED_FOR_PROJECT_2 = "\"$(SRCROOT)/../xulrunner-sdk/include\"";
				LIBRARY_SEARCH_PATHS = (
					"$(LIBRARY_SEARCH_PATHS_QUOTED_FOR_PROJECT_1)",
					"$(LIBRARY_SEARCH_PATHS_QUOTED_FOR_PROJECT_2)",
				);
				LIBRARY_SEARCH_PATHS_QUOTED_FOR_PROJECT_1 = "\"$(SRCROOT)/../xulrunner-sdk/sdk/lib\"";
				LIBRARY_SEARCH_PATHS_QUOTED_FOR_PROJECT_2 = "\"$(SRCROOT)/../xulrunner-sdk/lib\"";
				OTHER_CPLUSPLUSFLAGS = (
					"$(OTHER_CFLAGS)",
					"-fshort-wchar",
				);
				OTHER_LDFLAGS = (
					"-lnspr4",
					"-lxpcomglue_s_nomozalloc",
					"-lxpcomglue",
					"-lxpcom",
					"-lmozalloc",
				);
				SDKROOT = /Developer/SDKs/MacOSX10.5.sdk;
				VALID_ARCHS = "i386 ppc ppc64 ppc7400 ppc970 x86_64";
			};
			name = Debug;
		};
		E7115D1511273454009A3BAE /* Release */ = {
			isa = XCBuildConfiguration;
			buildSettings = {
				ARCHS = "$(ARCHS_STANDARD_32_64_BIT_PRE_XCODE_3_1)";
				ARCHS_STANDARD_32_64_BIT_PRE_XCODE_3_1 = "x86_64 i386 ppc";
				COPY_PHASE_STRIP = YES;
				HEADER_SEARCH_PATHS = (
					"$(HEADER_SEARCH_PATHS_QUOTED_FOR_PROJECT_1)",
					"$(HEADER_SEARCH_PATHS_QUOTED_FOR_PROJECT_2)",
				);
				HEADER_SEARCH_PATHS_QUOTED_FOR_PROJECT_1 = "\"$(SRCROOT)/../xulrunner-sdk/sdk/include\"";
				HEADER_SEARCH_PATHS_QUOTED_FOR_PROJECT_2 = "\"$(SRCROOT)/../xulrunner-sdk/include\"";
				LIBRARY_SEARCH_PATHS = (
					"$(LIBRARY_SEARCH_PATHS_QUOTED_FOR_PROJECT_1)",
					"$(LIBRARY_SEARCH_PATHS_QUOTED_FOR_PROJECT_2)",
				);
				LIBRARY_SEARCH_PATHS_QUOTED_FOR_PROJECT_1 = "\"$(SRCROOT)/../xulrunner-sdk/sdk/lib\"";
				LIBRARY_SEARCH_PATHS_QUOTED_FOR_PROJECT_2 = "\"$(SRCROOT)/../xulrunner-sdk/lib\"";
				OTHER_CPLUSPLUSFLAGS = (
					"$(OTHER_CFLAGS)",
					"-fshort-wchar",
				);
				OTHER_LDFLAGS = (
					"-lnspr4",
					"-lxpcomglue_s_nomozalloc",
					"-lxpcomglue",
					"-lxpcom",
					"-lmozalloc",
				);
				SDKROOT = /Developer/SDKs/MacOSX10.5.sdk;
				VALID_ARCHS = "i386 ppc ppc64 ppc7400 ppc970 x86_64";
			};
			name = Release;
		};
		E7115D2411273496009A3BAE /* Debug */ = {
			isa = XCBuildConfiguration;
			buildSettings = {
				ALWAYS_SEARCH_USER_PATHS = NO;
				COPY_PHASE_STRIP = NO;
				EXECUTABLE_PREFIX = lib;
				GCC_DYNAMIC_NO_PIC = NO;
				GCC_ENABLE_FIX_AND_CONTINUE = YES;
				GCC_MODEL_TUNING = G5;
				GCC_OPTIMIZATION_LEVEL = 0;
				INSTALL_PATH = /usr/local/lib;
				PREBINDING = NO;
				PRODUCT_NAME = "xpcom_commenttalker-mac";
			};
			name = Debug;
		};
		E7115D2511273496009A3BAE /* Release */ = {
			isa = XCBuildConfiguration;
			buildSettings = {
				ALWAYS_SEARCH_USER_PATHS = NO;
				COPY_PHASE_STRIP = YES;
				DEBUG_INFORMATION_FORMAT = "dwarf-with-dsym";
				EXECUTABLE_PREFIX = lib;
				GCC_ENABLE_FIX_AND_CONTINUE = NO;
				GCC_MODEL_TUNING = G5;
				INSTALL_PATH = /usr/local/lib;
				PREBINDING = NO;
				PRODUCT_NAME = "xpcom_commenttalker-mac";
				ZERO_LINK = NO;
			};
			name = Release;
		};
/* End XCBuildConfiguration section */

/* Begin XCConfigurationList section */
		E7115D1611273454009A3BAE /* Build configuration list for PBXProject "xpcom_commenttalker-mac" */ = {
			isa = XCConfigurationList;
			buildConfigurations = (
				E7115D1411273454009A3BAE /* Debug */,
				E7115D1511273454009A3BAE /* Release */,
			);
			defaultConfigurationIsVisible = 0;
			defaultConfigurationName = Release;
		};
		E7115D2611273496009A3BAE /* Build configuration list for PBXNativeTarget "xpcom_commenttalker-mac" */ = {
			isa = XCConfigurationList;
			buildConfigurations = (
				E7115D2411273496009A3BAE /* Debug */,
				E7115D2511273496009A3BAE /* Release */,
			);
			defaultConfigurationIsVisible = 0;
			defaultConfigurationName = Release;
		};
/* End XCConfigurationList section */
	};
	rootObject = E7115D1311273454009A3BAE /* Project object */;
}
